
Microsoft Visual Studio Solution File, Format Version 12.00
# Visual Studio Version 17
VisualStudioVersion = 17.11.35312.102
MinimumVisualStudioVersion = 10.0.40219.1
Project("{FAE04EC0-301F-11D3-BF4B-00C04F79EFBC}") = "OrderWebsiteASP", "OrderWebsiteASP\OrderWebsiteASP.csproj", "{8D63DA78-C501-49EE-AF1A-6203C016B372}"
EndProject
Global
	GlobalSection(SolutionConfigurationPlatforms) = preSolution
		Debug|Any CPU = Debug|Any CPU
		Release|Any CPU = Release|Any CPU
	EndGlobalSection
	GlobalSection(ProjectConfigurationPlatforms) = postSolution
		{8D63DA78-C501-49EE-AF1A-6203C016B372}.Debug|Any CPU.ActiveCfg = Debug|Any CPU
		{8D63DA78-C501-49EE-AF1A-6203C016B372}.Debug|Any CPU.Build.0 = Debug|Any CPU
		{8D63DA78-C501-49EE-AF1A-6203C016B372}.Release|Any CPU.ActiveCfg = Release|Any CPU
		{8D63DA78-C501-49EE-AF1A-6203C016B372}.Release|Any CPU.Build.0 = Release|Any CPU
	EndGlobalSection
	GlobalSection(SolutionProperties) = preSolution
		HideSolutionNode = FALSE
	EndGlobalSection
	GlobalSection(ExtensibilityGlobals) = postSolution
		SolutionGuid = {84691677-EE9F-433A-BBAE-115078774A59}
	EndGlobalSection
EndGlobal
